// !$*UTF8*$!
{
	archiveVersion = 1;
	classes = {
	};
	objectVersion = 77;
	objects = {

/* Begin PBXBuildFile section */
		1307F7B42DE1F61B009F0C4C /* TripKit in Frameworks */ = {isa = PBXBuildFile; productRef = 1307F7B32DE1F61B009F0C4C /* TripKit */; };
		134693162DE4EDA900617A4D /* WidgetKit.framework in Frameworks */ = {isa = PBXBuildFile; fileRef = 134693152DE4EDA900617A4D /* WidgetKit.framework */; };
		134693182DE4EDA900617A4D /* SwiftUI.framework in Frameworks */ = {isa = PBXBuildFile; fileRef = 134693172DE4EDA900617A4D /* SwiftUI.framework */; };
		134693292DE4EDAA00617A4D /* DeparturesWidgetExtension.appex in Embed Foundation Extensions */ = {isa = PBXBuildFile; fileRef = 134693132DE4EDA900617A4D /* DeparturesWidgetExtension.appex */; settings = {ATTRIBUTES = (RemoveHeadersOnCopy, ); }; };
		134693BC2DE4F5BD00617A4D /* ActivityKit.framework in Frameworks */ = {isa = PBXBuildFile; fileRef = 134693BB2DE4F5BD00617A4D /* ActivityKit.framework */; };
		134693C82DE4FAD500617A4D /* TripKit in Frameworks */ = {isa = PBXBuildFile; productRef = 134693C72DE4FAD500617A4D /* TripKit */; };
		134693D12DE500DC00617A4D /* ViewExtensions.swift in Sources */ = {isa = PBXBuildFile; fileRef = 134693CE2DE500DC00617A4D /* ViewExtensions.swift */; };
		134693D22DE500DC00617A4D /* ViewExtensions.swift in Sources */ = {isa = PBXBuildFile; fileRef = 134693CE2DE500DC00617A4D /* ViewExtensions.swift */; };
		134693D42DE5017B00617A4D /* DateExtensions.swift in Sources */ = {isa = PBXBuildFile; fileRef = 134693D32DE5017B00617A4D /* DateExtensions.swift */; };
		134693D52DE5017B00617A4D /* DateExtensions.swift in Sources */ = {isa = PBXBuildFile; fileRef = 134693D32DE5017B00617A4D /* DateExtensions.swift */; };
/* End PBXBuildFile section */

/* Begin PBXContainerItemProxy section */
		134693272DE4EDAA00617A4D /* PBXContainerItemProxy */ = {
			isa = PBXContainerItemProxy;
			containerPortal = 1307F7702DE1F376009F0C4C /* Project object */;
			proxyType = 1;
			remoteGlobalIDString = 134693122DE4EDA900617A4D;
			remoteInfo = DeparturesWidgetExtension;
		};
/* End PBXContainerItemProxy section */

/* Begin PBXCopyFilesBuildPhase section */
		1346932E2DE4EDAA00617A4D /* Embed Foundation Extensions */ = {
			isa = PBXCopyFilesBuildPhase;
			buildActionMask = 2147483647;
			dstPath = "";
			dstSubfolderSpec = 13;
			files = (
				134693292DE4EDAA00617A4D /* DeparturesWidgetExtension.appex in Embed Foundation Extensions */,
			);
			name = "Embed Foundation Extensions";
			runOnlyForDeploymentPostprocessing = 0;
		};
/* End PBXCopyFilesBuildPhase section */

/* Begin PBXFileReference section */
		1307F7782DE1F376009F0C4C /* Departures.app */ = {isa = PBXFileReference; explicitFileType = wrapper.application; includeInIndex = 0; path = Departures.app; sourceTree = BUILT_PRODUCTS_DIR; };
		134693132DE4EDA900617A4D /* DeparturesWidgetExtension.appex */ = {isa = PBXFileReference; explicitFileType = "wrapper.app-extension"; includeInIndex = 0; path = DeparturesWidgetExtension.appex; sourceTree = BUILT_PRODUCTS_DIR; };
		134693152DE4EDA900617A4D /* WidgetKit.framework */ = {isa = PBXFileReference; lastKnownFileType = wrapper.framework; name = WidgetKit.framework; path = System/Library/Frameworks/WidgetKit.framework; sourceTree = SDKROOT; };
		134693172DE4EDA900617A4D /* SwiftUI.framework */ = {isa = PBXFileReference; lastKnownFileType = wrapper.framework; name = SwiftUI.framework; path = System/Library/Frameworks/SwiftUI.framework; sourceTree = SDKROOT; };
		134693BB2DE4F5BD00617A4D /* ActivityKit.framework */ = {isa = PBXFileReference; lastKnownFileType = wrapper.framework; name = ActivityKit.framework; path = System/Library/Frameworks/ActivityKit.framework; sourceTree = SDKROOT; };
		134693CE2DE500DC00617A4D /* ViewExtensions.swift */ = {isa = PBXFileReference; lastKnownFileType = sourcecode.swift; path = ViewExtensions.swift; sourceTree = "<group>"; };
		134693D32DE5017B00617A4D /* DateExtensions.swift */ = {isa = PBXFileReference; lastKnownFileType = sourcecode.swift; path = DateExtensions.swift; sourceTree = "<group>"; };
/* End PBXFileReference section */

/* Begin PBXFileSystemSynchronizedBuildFileExceptionSet section */
		130E60D02DE238870033F2BA /* Exceptions for "Departures" folder in "Departures" target */ = {
			isa = PBXFileSystemSynchronizedBuildFileExceptionSet;
			membershipExceptions = (
				Info.plist,
			);
			target = 1307F7772DE1F376009F0C4C /* Departures */;
		};
		1346932D2DE4EDAA00617A4D /* Exceptions for "DeparturesWidget" folder in "DeparturesWidgetExtension" target */ = {
			isa = PBXFileSystemSynchronizedBuildFileExceptionSet;
			membershipExceptions = (
				Info.plist,
			);
			target = 134693122DE4EDA900617A4D /* DeparturesWidgetExtension */;
		};
		134693C62DE4FA7A00617A4D /* Exceptions for "Fonts" folder in "DeparturesWidgetExtension" target */ = {
			isa = PBXFileSystemSynchronizedBuildFileExceptionSet;
			membershipExceptions = (
				"DepartureMono-Regular.otf",
			);
			target = 134693122DE4EDA900617A4D /* DeparturesWidgetExtension */;
		};
/* End PBXFileSystemSynchronizedBuildFileExceptionSet section */

/* Begin PBXFileSystemSynchronizedRootGroup section */
		1307F77A2DE1F376009F0C4C /* Departures */ = {
			isa = PBXFileSystemSynchronizedRootGroup;
			exceptions = (
				130E60D02DE238870033F2BA /* Exceptions for "Departures" folder in "Departures" target */,
			);
			path = Departures;
			sourceTree = "<group>";
		};
		130E60C72DE232FB0033F2BA /* Fonts */ = {
			isa = PBXFileSystemSynchronizedRootGroup;
			exceptions = (
				134693C62DE4FA7A00617A4D /* Exceptions for "Fonts" folder in "DeparturesWidgetExtension" target */,
			);
			path = Fonts;
			sourceTree = "<group>";
		};
		134693192DE4EDA900617A4D /* DeparturesWidget */ = {
			isa = PBXFileSystemSynchronizedRootGroup;
			exceptions = (
				1346932D2DE4EDAA00617A4D /* Exceptions for "DeparturesWidget" folder in "DeparturesWidgetExtension" target */,
			);
			path = DeparturesWidget;
			sourceTree = "<group>";
		};
/* End PBXFileSystemSynchronizedRootGroup section */

/* Begin PBXFrameworksBuildPhase section */
		1307F7752DE1F376009F0C4C /* Frameworks */ = {
			isa = PBXFrameworksBuildPhase;
			buildActionMask = 2147483647;
			files = (
				1307F7B42DE1F61B009F0C4C /* TripKit in Frameworks */,
			);
			runOnlyForDeploymentPostprocessing = 0;
		};
		134693102DE4EDA900617A4D /* Frameworks */ = {
			isa = PBXFrameworksBuildPhase;
			buildActionMask = 2147483647;
			files = (
				134693BC2DE4F5BD00617A4D /* ActivityKit.framework in Frameworks */,
				134693182DE4EDA900617A4D /* SwiftUI.framework in Frameworks */,
				134693C82DE4FAD500617A4D /* TripKit in Frameworks */,
				134693162DE4EDA900617A4D /* WidgetKit.framework in Frameworks */,
			);
			runOnlyForDeploymentPostprocessing = 0;
		};
/* End PBXFrameworksBuildPhase section */

/* Begin PBXGroup section */
		1307F76F2DE1F376009F0C4C = {
			isa = PBXGroup;
			children = (
				134693D02DE500DC00617A4D /* Shared */,
				130E60C72DE232FB0033F2BA /* Fonts */,
				1307F77A2DE1F376009F0C4C /* Departures */,
				134693192DE4EDA900617A4D /* DeparturesWidget */,
				134693142DE4EDA900617A4D /* Frameworks */,
				1307F7792DE1F376009F0C4C /* Products */,
			);
			sourceTree = "<group>";
		};
		1307F7792DE1F376009F0C4C /* Products */ = {
			isa = PBXGroup;
			children = (
				1307F7782DE1F376009F0C4C /* Departures.app */,
				134693132DE4EDA900617A4D /* DeparturesWidgetExtension.appex */,
			);
			name = Products;
			sourceTree = "<group>";
		};
		134693142DE4EDA900617A4D /* Frameworks */ = {
			isa = PBXGroup;
			children = (
				134693BB2DE4F5BD00617A4D /* ActivityKit.framework */,
				134693152DE4EDA900617A4D /* WidgetKit.framework */,
				134693172DE4EDA900617A4D /* SwiftUI.framework */,
			);
			name = Frameworks;
			sourceTree = "<group>";
		};
		134693CF2DE500DC00617A4D /* Extensions */ = {
			isa = PBXGroup;
			children = (
				134693D32DE5017B00617A4D /* DateExtensions.swift */,
				134693CE2DE500DC00617A4D /* ViewExtensions.swift */,
			);
			path = Extensions;
			sourceTree = "<group>";
		};
		134693D02DE500DC00617A4D /* Shared */ = {
			isa = PBXGroup;
			children = (
				134693CF2DE500DC00617A4D /* Extensions */,
			);
			path = Shared;
			sourceTree = "<group>";
		};
/* End PBXGroup section */

/* Begin PBXNativeTarget section */
		1307F7772DE1F376009F0C4C /* Departures */ = {
			isa = PBXNativeTarget;
			buildConfigurationList = 1307F79B2DE1F377009F0C4C /* Build configuration list for PBXNativeTarget "Departures" */;
			buildPhases = (
				1307F7742DE1F376009F0C4C /* Sources */,
				1307F7752DE1F376009F0C4C /* Frameworks */,
				1307F7762DE1F376009F0C4C /* Resources */,
				1346932E2DE4EDAA00617A4D /* Embed Foundation Extensions */,
			);
			buildRules = (
			);
			dependencies = (
				134693282DE4EDAA00617A4D /* PBXTargetDependency */,
			);
			fileSystemSynchronizedGroups = (
				1307F77A2DE1F376009F0C4C /* Departures */,
				130E60C72DE232FB0033F2BA /* Fonts */,
			);
			name = Departures;
			packageProductDependencies = (
				1307F7B32DE1F61B009F0C4C /* TripKit */,
			);
			productName = Departures;
			productReference = 1307F7782DE1F376009F0C4C /* Departures.app */;
			productType = "com.apple.product-type.application";
		};
		134693122DE4EDA900617A4D /* DeparturesWidgetExtension */ = {
			isa = PBXNativeTarget;
			buildConfigurationList = 1346932A2DE4EDAA00617A4D /* Build configuration list for PBXNativeTarget "DeparturesWidgetExtension" */;
			buildPhases = (
				1346930F2DE4EDA900617A4D /* Sources */,
				134693102DE4EDA900617A4D /* Frameworks */,
				134693112DE4EDA900617A4D /* Resources */,
			);
			buildRules = (
			);
			dependencies = (
			);
			fileSystemSynchronizedGroups = (
				134693192DE4EDA900617A4D /* DeparturesWidget */,
			);
			name = DeparturesWidgetExtension;
			packageProductDependencies = (
				134693C72DE4FAD500617A4D /* TripKit */,
			);
			productName = DeparturesWidgetExtension;
			productReference = 134693132DE4EDA900617A4D /* DeparturesWidgetExtension.appex */;
			productType = "com.apple.product-type.app-extension";
		};
/* End PBXNativeTarget section */

/* Begin PBXProject section */
		1307F7702DE1F376009F0C4C /* Project object */ = {
			isa = PBXProject;
			attributes = {
				BuildIndependentTargetsInParallel = 1;
				LastSwiftUpdateCheck = 1630;
				LastUpgradeCheck = 1630;
				TargetAttributes = {
					1307F7772DE1F376009F0C4C = {
						CreatedOnToolsVersion = 16.3;
					};
					134693122DE4EDA900617A4D = {
						CreatedOnToolsVersion = 16.3;
					};
				};
			};
			buildConfigurationList = 1307F7732DE1F376009F0C4C /* Build configuration list for PBXProject "Departures" */;
			developmentRegion = en;
			hasScannedForEncodings = 0;
			knownRegions = (
				en,
				Base,
			);
			mainGroup = 1307F76F2DE1F376009F0C4C;
			minimizedProjectReferenceProxies = 1;
			packageReferences = (
				1307F7B22DE1F61B009F0C4C /* XCRemoteSwiftPackageReference "tripkit" */,
			);
			preferredProjectObjectVersion = 77;
			productRefGroup = 1307F7792DE1F376009F0C4C /* Products */;
			projectDirPath = "";
			projectRoot = "";
			targets = (
				1307F7772DE1F376009F0C4C /* Departures */,
				134693122DE4EDA900617A4D /* DeparturesWidgetExtension */,
			);
		};
/* End PBXProject section */

/* Begin PBXResourcesBuildPhase section */
		1307F7762DE1F376009F0C4C /* Resources */ = {
			isa = PBXResourcesBuildPhase;
			buildActionMask = 2147483647;
			files = (
			);
			runOnlyForDeploymentPostprocessing = 0;
		};
		134693112DE4EDA900617A4D /* Resources */ = {
			isa = PBXResourcesBuildPhase;
			buildActionMask = 2147483647;
			files = (
			);
			runOnlyForDeploymentPostprocessing = 0;
		};
/* End PBXResourcesBuildPhase section */

/* Begin PBXSourcesBuildPhase section */
		1307F7742DE1F376009F0C4C /* Sources */ = {
			isa = PBXSourcesBuildPhase;
			buildActionMask = 2147483647;
			files = (
				134693D12DE500DC00617A4D /* ViewExtensions.swift in Sources */,
				134693D42DE5017B00617A4D /* DateExtensions.swift in Sources */,
			);
			runOnlyForDeploymentPostprocessing = 0;
		};
		1346930F2DE4EDA900617A4D /* Sources */ = {
			isa = PBXSourcesBuildPhase;
			buildActionMask = 2147483647;
			files = (
				134693D52DE5017B00617A4D /* DateExtensions.swift in Sources */,
				134693D22DE500DC00617A4D /* ViewExtensions.swift in Sources */,
			);
			runOnlyForDeploymentPostprocessing = 0;
		};
/* End PBXSourcesBuildPhase section */

/* Begin PBXTargetDependency section */
		134693282DE4EDAA00617A4D /* PBXTargetDependency */ = {
			isa = PBXTargetDependency;
			target = 134693122DE4EDA900617A4D /* DeparturesWidgetExtension */;
			targetProxy = 134693272DE4EDAA00617A4D /* PBXContainerItemProxy */;
		};
/* End PBXTargetDependency section */

/* Begin XCBuildConfiguration section */
		1307F7992DE1F377009F0C4C /* Debug */ = {
			isa = XCBuildConfiguration;
			buildSettings = {
				ALWAYS_SEARCH_USER_PATHS = NO;
				ASSETCATALOG_COMPILER_GENERATE_SWIFT_ASSET_SYMBOL_EXTENSIONS = YES;
				CLANG_ANALYZER_NONNULL = YES;
				CLANG_ANALYZER_NUMBER_OBJECT_CONVERSION = YES_AGGRESSIVE;
				CLANG_CXX_LANGUAGE_STANDARD = "gnu++20";
				CLANG_ENABLE_MODULES = YES;
				CLANG_ENABLE_OBJC_ARC = YES;
				CLANG_ENABLE_OBJC_WEAK = YES;
				CLANG_WARN_BLOCK_CAPTURE_AUTORELEASING = YES;
				CLANG_WARN_BOOL_CONVERSION = YES;
				CLANG_WARN_COMMA = YES;
				CLANG_WARN_CONSTANT_CONVERSION = YES;
				CLANG_WARN_DEPRECATED_OBJC_IMPLEMENTATIONS = YES;
				CLANG_WARN_DIRECT_OBJC_ISA_USAGE = YES_ERROR;
				CLANG_WARN_DOCUMENTATION_COMMENTS = YES;
				CLANG_WARN_EMPTY_BODY = YES;
				CLANG_WARN_ENUM_CONVERSION = YES;
				CLANG_WARN_INFINITE_RECURSION = YES;
				CLANG_WARN_INT_CONVERSION = YES;
				CLANG_WARN_NON_LITERAL_NULL_CONVERSION = YES;
				CLANG_WARN_OBJC_IMPLICIT_RETAIN_SELF = YES;
				CLANG_WARN_OBJC_LITERAL_CONVERSION = YES;
				CLANG_WARN_OBJC_ROOT_CLASS = YES_ERROR;
				CLANG_WARN_QUOTED_INCLUDE_IN_FRAMEWORK_HEADER = YES;
				CLANG_WARN_RANGE_LOOP_ANALYSIS = YES;
				CLANG_WARN_STRICT_PROTOTYPES = YES;
				CLANG_WARN_SUSPICIOUS_MOVE = YES;
				CLANG_WARN_UNGUARDED_AVAILABILITY = YES_AGGRESSIVE;
				CLANG_WARN_UNREACHABLE_CODE = YES;
				CLANG_WARN__DUPLICATE_METHOD_MATCH = YES;
				COPY_PHASE_STRIP = NO;
				DEBUG_INFORMATION_FORMAT = dwarf;
				DEVELOPMENT_TEAM = 9EPXPY3668;
				ENABLE_STRICT_OBJC_MSGSEND = YES;
				ENABLE_TESTABILITY = YES;
				ENABLE_USER_SCRIPT_SANDBOXING = YES;
				GCC_C_LANGUAGE_STANDARD = gnu17;
				GCC_DYNAMIC_NO_PIC = NO;
				GCC_NO_COMMON_BLOCKS = YES;
				GCC_OPTIMIZATION_LEVEL = 0;
				GCC_PREPROCESSOR_DEFINITIONS = (
					"DEBUG=1",
					"$(inherited)",
				);
				GCC_WARN_64_TO_32_BIT_CONVERSION = YES;
				GCC_WARN_ABOUT_RETURN_TYPE = YES_ERROR;
				GCC_WARN_UNDECLARED_SELECTOR = YES;
				GCC_WARN_UNINITIALIZED_AUTOS = YES_AGGRESSIVE;
				GCC_WARN_UNUSED_FUNCTION = YES;
				GCC_WARN_UNUSED_VARIABLE = YES;
				IPHONEOS_DEPLOYMENT_TARGET = 18.4;
				LOCALIZATION_PREFERS_STRING_CATALOGS = YES;
				MTL_ENABLE_DEBUG_INFO = INCLUDE_SOURCE;
				MTL_FAST_MATH = YES;
				ONLY_ACTIVE_ARCH = YES;
				SDKROOT = iphoneos;
				SWIFT_ACTIVE_COMPILATION_CONDITIONS = "DEBUG $(inherited)";
				SWIFT_OPTIMIZATION_LEVEL = "-Onone";
			};
			name = Debug;
		};
		1307F79A2DE1F377009F0C4C /* Release */ = {
			isa = XCBuildConfiguration;
			buildSettings = {
				ALWAYS_SEARCH_USER_PATHS = NO;
				ASSETCATALOG_COMPILER_GENERATE_SWIFT_ASSET_SYMBOL_EXTENSIONS = YES;
				CLANG_ANALYZER_NONNULL = YES;
				CLANG_ANALYZER_NUMBER_OBJECT_CONVERSION = YES_AGGRESSIVE;
				CLANG_CXX_LANGUAGE_STANDARD = "gnu++20";
				CLANG_ENABLE_MODULES = YES;
				CLANG_ENABLE_OBJC_ARC = YES;
				CLANG_ENABLE_OBJC_WEAK = YES;
				CLANG_WARN_BLOCK_CAPTURE_AUTORELEASING = YES;
				CLANG_WARN_BOOL_CONVERSION = YES;
				CLANG_WARN_COMMA = YES;
				CLANG_WARN_CONSTANT_CONVERSION = YES;
				CLANG_WARN_DEPRECATED_OBJC_IMPLEMENTATIONS = YES;
				CLANG_WARN_DIRECT_OBJC_ISA_USAGE = YES_ERROR;
				CLANG_WARN_DOCUMENTATION_COMMENTS = YES;
				CLANG_WARN_EMPTY_BODY = YES;
				CLANG_WARN_ENUM_CONVERSION = YES;
				CLANG_WARN_INFINITE_RECURSION = YES;
				CLANG_WARN_INT_CONVERSION = YES;
				CLANG_WARN_NON_LITERAL_NULL_CONVERSION = YES;
				CLANG_WARN_OBJC_IMPLICIT_RETAIN_SELF = YES;
				CLANG_WARN_OBJC_LITERAL_CONVERSION = YES;
				CLANG_WARN_OBJC_ROOT_CLASS = YES_ERROR;
				CLANG_WARN_QUOTED_INCLUDE_IN_FRAMEWORK_HEADER = YES;
				CLANG_WARN_RANGE_LOOP_ANALYSIS = YES;
				CLANG_WARN_STRICT_PROTOTYPES = YES;
				CLANG_WARN_SUSPICIOUS_MOVE = YES;
				CLANG_WARN_UNGUARDED_AVAILABILITY = YES_AGGRESSIVE;
				CLANG_WARN_UNREACHABLE_CODE = YES;
				CLANG_WARN__DUPLICATE_METHOD_MATCH = YES;
				COPY_PHASE_STRIP = NO;
				DEBUG_INFORMATION_FORMAT = "dwarf-with-dsym";
				DEVELOPMENT_TEAM = 9EPXPY3668;
				ENABLE_NS_ASSERTIONS = NO;
				ENABLE_STRICT_OBJC_MSGSEND = YES;
				ENABLE_USER_SCRIPT_SANDBOXING = YES;
				GCC_C_LANGUAGE_STANDARD = gnu17;
				GCC_NO_COMMON_BLOCKS = YES;
				GCC_WARN_64_TO_32_BIT_CONVERSION = YES;
				GCC_WARN_ABOUT_RETURN_TYPE = YES_ERROR;
				GCC_WARN_UNDECLARED_SELECTOR = YES;
				GCC_WARN_UNINITIALIZED_AUTOS = YES_AGGRESSIVE;
				GCC_WARN_UNUSED_FUNCTION = YES;
				GCC_WARN_UNUSED_VARIABLE = YES;
				IPHONEOS_DEPLOYMENT_TARGET = 18.4;
				LOCALIZATION_PREFERS_STRING_CATALOGS = YES;
				MTL_ENABLE_DEBUG_INFO = NO;
				MTL_FAST_MATH = YES;
				SDKROOT = iphoneos;
				SWIFT_COMPILATION_MODE = wholemodule;
				VALIDATE_PRODUCT = YES;
			};
			name = Release;
		};
		1307F79C2DE1F377009F0C4C /* Debug */ = {
			isa = XCBuildConfiguration;
			buildSettings = {
				ASSETCATALOG_COMPILER_APPICON_NAME = AppIcon;
				ASSETCATALOG_COMPILER_GLOBAL_ACCENT_COLOR_NAME = AccentColor;
				CODE_SIGN_ENTITLEMENTS = Departures/Departures.entitlements;
				CODE_SIGN_STYLE = Automatic;
				CURRENT_PROJECT_VERSION = 1;
				DEVELOPMENT_TEAM = 9EPXPY3668;
				ENABLE_PREVIEWS = YES;
				GENERATE_INFOPLIST_FILE = YES;
				INFOPLIST_FILE = Departures/Info.plist;
				INFOPLIST_KEY_NSSupportsLiveActivities = YES;
				INFOPLIST_KEY_UIApplicationSceneManifest_Generation = YES;
				INFOPLIST_KEY_UIApplicationSupportsIndirectInputEvents = YES;
				INFOPLIST_KEY_UILaunchScreen_Generation = YES;
				INFOPLIST_KEY_UISupportedInterfaceOrientations_iPad = "UIInterfaceOrientationPortrait UIInterfaceOrientationPortraitUpsideDown UIInterfaceOrientationLandscapeLeft UIInterfaceOrientationLandscapeRight";
				INFOPLIST_KEY_UISupportedInterfaceOrientations_iPhone = "UIInterfaceOrientationPortrait UIInterfaceOrientationLandscapeLeft UIInterfaceOrientationLandscapeRight";
				LD_RUNPATH_SEARCH_PATHS = (
					"$(inherited)",
					"@executable_path/Frameworks",
				);
				MARKETING_VERSION = 1.0;
				PRODUCT_BUNDLE_IDENTIFIER = com.bez4pieci.Departures;
				PRODUCT_NAME = "$(TARGET_NAME)";
				SUPPORTED_PLATFORMS = "iphoneos iphonesimulator";
				SUPPORTS_MACCATALYST = NO;
				SUPPORTS_XR_DESIGNED_FOR_IPHONE_IPAD = NO;
				SWIFT_EMIT_LOC_STRINGS = YES;
				SWIFT_VERSION = 5.0;
				TARGETED_DEVICE_FAMILY = "1,2";
			};
			name = Debug;
		};
		1307F79D2DE1F377009F0C4C /* Release */ = {
			isa = XCBuildConfiguration;
			buildSettings = {
				ASSETCATALOG_COMPILER_APPICON_NAME = AppIcon;
				ASSETCATALOG_COMPILER_GLOBAL_ACCENT_COLOR_NAME = AccentColor;
				CODE_SIGN_ENTITLEMENTS = Departures/Departures.entitlements;
				CODE_SIGN_STYLE = Automatic;
				CURRENT_PROJECT_VERSION = 1;
				DEVELOPMENT_TEAM = 9EPXPY3668;
				ENABLE_PREVIEWS = YES;
				GENERATE_INFOPLIST_FILE = YES;
				INFOPLIST_FILE = Departures/Info.plist;
				INFOPLIST_KEY_NSSupportsLiveActivities = YES;
				INFOPLIST_KEY_UIApplicationSceneManifest_Generation = YES;
				INFOPLIST_KEY_UIApplicationSupportsIndirectInputEvents = YES;
				INFOPLIST_KEY_UILaunchScreen_Generation = YES;
				INFOPLIST_KEY_UISupportedInterfaceOrientations_iPad = "UIInterfaceOrientationPortrait UIInterfaceOrientationPortraitUpsideDown UIInterfaceOrientationLandscapeLeft UIInterfaceOrientationLandscapeRight";
				INFOPLIST_KEY_UISupportedInterfaceOrientations_iPhone = "UIInterfaceOrientationPortrait UIInterfaceOrientationLandscapeLeft UIInterfaceOrientationLandscapeRight";
				LD_RUNPATH_SEARCH_PATHS = (
					"$(inherited)",
					"@executable_path/Frameworks",
				);
				MARKETING_VERSION = 1.0;
				PRODUCT_BUNDLE_IDENTIFIER = com.bez4pieci.Departures;
				PRODUCT_NAME = "$(TARGET_NAME)";
				SUPPORTED_PLATFORMS = "iphoneos iphonesimulator";
				SUPPORTS_MACCATALYST = NO;
				SUPPORTS_XR_DESIGNED_FOR_IPHONE_IPAD = NO;
				SWIFT_EMIT_LOC_STRINGS = YES;
				SWIFT_VERSION = 5.0;
				TARGETED_DEVICE_FAMILY = "1,2";
			};
			name = Release;
		};
		1346932B2DE4EDAA00617A4D /* Debug */ = {
			isa = XCBuildConfiguration;
			buildSettings = {
				ASSETCATALOG_COMPILER_GLOBAL_ACCENT_COLOR_NAME = AccentColor;
				ASSETCATALOG_COMPILER_WIDGET_BACKGROUND_COLOR_NAME = WidgetBackground;
				CODE_SIGN_ENTITLEMENTS = DeparturesWidgetExtension.entitlements;
				CODE_SIGN_STYLE = Automatic;
				CURRENT_PROJECT_VERSION = 1;
				DEVELOPMENT_TEAM = 9EPXPY3668;
				GENERATE_INFOPLIST_FILE = YES;
				INFOPLIST_FILE = DeparturesWidget/Info.plist;
				INFOPLIST_KEY_CFBundleDisplayName = DeparturesWidget;
				INFOPLIST_KEY_NSHumanReadableCopyright = "";
				LD_RUNPATH_SEARCH_PATHS = (
					"$(inherited)",
					"@executable_path/Frameworks",
					"@executable_path/../../Frameworks",
				);
				MARKETING_VERSION = 1.0;
				PRODUCT_BUNDLE_IDENTIFIER = com.bez4pieci.Departures.DeparturesWidget;
				PRODUCT_NAME = "$(TARGET_NAME)";
				SKIP_INSTALL = YES;
				SUPPORTED_PLATFORMS = "iphoneos iphonesimulator";
				SUPPORTS_MACCATALYST = NO;
				SUPPORTS_XR_DESIGNED_FOR_IPHONE_IPAD = NO;
				SWIFT_EMIT_LOC_STRINGS = YES;
				SWIFT_VERSION = 5.0;
				TARGETED_DEVICE_FAMILY = "1,2";
			};
			name = Debug;
		};
		1346932C2DE4EDAA00617A4D /* Release */ = {
			isa = XCBuildConfiguration;
			buildSettings = {
				ASSETCATALOG_COMPILER_GLOBAL_ACCENT_COLOR_NAME = AccentColor;
				ASSETCATALOG_COMPILER_WIDGET_BACKGROUND_COLOR_NAME = WidgetBackground;
				CODE_SIGN_ENTITLEMENTS = DeparturesWidgetExtension.entitlements;
				CODE_SIGN_STYLE = Automatic;
				CURRENT_PROJECT_VERSION = 1;
				DEVELOPMENT_TEAM = 9EPXPY3668;
				GENERATE_INFOPLIST_FILE = YES;
				INFOPLIST_FILE = DeparturesWidget/Info.plist;
				INFOPLIST_KEY_CFBundleDisplayName = DeparturesWidget;
				INFOPLIST_KEY_NSHumanReadableCopyright = "";
				LD_RUNPATH_SEARCH_PATHS = (
					"$(inherited)",
					"@executable_path/Frameworks",
					"@executable_path/../../Frameworks",
				);
				MARKETING_VERSION = 1.0;
				PRODUCT_BUNDLE_IDENTIFIER = com.bez4pieci.Departures.DeparturesWidget;
				PRODUCT_NAME = "$(TARGET_NAME)";
				SKIP_INSTALL = YES;
				SUPPORTED_PLATFORMS = "iphoneos iphonesimulator";
				SUPPORTS_MACCATALYST = NO;
				SUPPORTS_XR_DESIGNED_FOR_IPHONE_IPAD = NO;
				SWIFT_EMIT_LOC_STRINGS = YES;
				SWIFT_VERSION = 5.0;
				TARGETED_DEVICE_FAMILY = "1,2";
			};
			name = Release;
		};
/* End XCBuildConfiguration section */

/* Begin XCConfigurationList section */
		1307F7732DE1F376009F0C4C /* Build configuration list for PBXProject "Departures" */ = {
			isa = XCConfigurationList;
			buildConfigurations = (
				1307F7992DE1F377009F0C4C /* Debug */,
				1307F79A2DE1F377009F0C4C /* Release */,
			);
			defaultConfigurationIsVisible = 0;
			defaultConfigurationName = Release;
		};
		1307F79B2DE1F377009F0C4C /* Build configuration list for PBXNativeTarget "Departures" */ = {
			isa = XCConfigurationList;
			buildConfigurations = (
				1307F79C2DE1F377009F0C4C /* Debug */,
				1307F79D2DE1F377009F0C4C /* Release */,
			);
			defaultConfigurationIsVisible = 0;
			defaultConfigurationName = Release;
		};
		1346932A2DE4EDAA00617A4D /* Build configuration list for PBXNativeTarget "DeparturesWidgetExtension" */ = {
			isa = XCConfigurationList;
			buildConfigurations = (
				1346932B2DE4EDAA00617A4D /* Debug */,
				1346932C2DE4EDAA00617A4D /* Release */,
			);
			defaultConfigurationIsVisible = 0;
			defaultConfigurationName = Release;
		};
/* End XCConfigurationList section */

/* Begin XCRemoteSwiftPackageReference section */
		1307F7B22DE1F61B009F0C4C /* XCRemoteSwiftPackageReference "tripkit" */ = {
			isa = XCRemoteSwiftPackageReference;
			repositoryURL = "https://github.com/alexander-albers/tripkit.git";
			requirement = {
				kind = upToNextMajorVersion;
				minimumVersion = 1.17.0;
			};
		};
/* End XCRemoteSwiftPackageReference section */

/* Begin XCSwiftPackageProductDependency section */
		1307F7B32DE1F61B009F0C4C /* TripKit */ = {
			isa = XCSwiftPackageProductDependency;
			package = 1307F7B22DE1F61B009F0C4C /* XCRemoteSwiftPackageReference "tripkit" */;
			productName = TripKit;
		};
		134693C72DE4FAD500617A4D /* TripKit */ = {
			isa = XCSwiftPackageProductDependency;
			package = 1307F7B22DE1F61B009F0C4C /* XCRemoteSwiftPackageReference "tripkit" */;
			productName = TripKit;
		};
/* End XCSwiftPackageProductDependency section */
	};
	rootObject = 1307F7702DE1F376009F0C4C /* Project object */;
}
